
Microsoft Visual Studio Solution File, Format Version 12.00
# Visual Studio Version 16
VisualStudioVersion = 16.0.31402.337
MinimumVisualStudioVersion = 10.0.40219.1
Project("{FAE04EC0-301F-11D3-BF4B-00C04F79EFBC}") = "CSharpWinFormsSQLCourse", "CSharpWinFormsSQLCourse.csproj", "{4CD082CD-0D47-402A-B023-1606861D3954}"
EndProject
Global
	GlobalSection(SolutionConfigurationPlatforms) = preSolution
		Debug|Any CPU = Debug|Any CPU
		Release|Any CPU = Release|Any CPU
	EndGlobalSection
	GlobalSection(ProjectConfigurationPlatforms) = postSolution
		{4CD082CD-0D47-402A-B023-1606861D3954}.Debug|Any CPU.ActiveCfg = Debug|Any CPU
		{4CD082CD-0D47-402A-B023-1606861D3954}.Debug|Any CPU.Build.0 = Debug|Any CPU
		{4CD082CD-0D47-402A-B023-1606861D3954}.Release|Any CPU.ActiveCfg = Release|Any CPU
		{4CD082CD-0D47-402A-B023-1606861D3954}.Release|Any CPU.Build.0 = Release|Any CPU
	EndGlobalSection
	GlobalSection(SolutionProperties) = preSolution
		HideSolutionNode = FALSE
	EndGlobalSection
	GlobalSection(ExtensibilityGlobals) = postSolution
		SolutionGuid = {C0A6CDC1-EFE0-4B82-8B2D-157EDB4774C6}
	EndGlobalSection
EndGlobal
